
Microsoft Visual Studio Solution File, Format Version 12.00
# Visual Studio 15
VisualStudioVersion = 15.0.27004.2009
MinimumVisualStudioVersion = 10.0.40219.1
Project("{FAE04EC0-301F-11D3-BF4B-00C04F79EFBC}") = "ConsoleApplication1", "ConsoleApplication1\ConsoleApplication1.csproj", "{8F7D46E4-ACD9-4F5A-84A1-7FB7CA454BE9}"
EndProject
Project("{FAE04EC0-301F-11D3-BF4B-00C04F79EFBC}") = "SSSBTypes", "SSSBTypes\SSSBTypes.csproj", "{7EDEED80-C546-4F00-A265-1801BDA72C07}"
EndProject
Project("{FAE04EC0-301F-11D3-BF4B-00C04F79EFBC}") = "SharedTypes", "SharedTypes\SharedTypes.csproj", "{EAF313D1-2C87-4989-B995-84ED8AC94AAA}"
EndProject
Project("{FAE04EC0-301F-11D3-BF4B-00C04F79EFBC}") = "Test", "Test\Test.csproj", "{9C19A7C3-99CB-4E27-97B8-430CA2472DBE}"
EndProject
Global
	GlobalSection(SolutionConfigurationPlatforms) = preSolution
		Debug|Any CPU = Debug|Any CPU
		Release|Any CPU = Release|Any CPU
	EndGlobalSection
	GlobalSection(ProjectConfigurationPlatforms) = postSolution
		{8F7D46E4-ACD9-4F5A-84A1-7FB7CA454BE9}.Debug|Any CPU.ActiveCfg = Debug|Any CPU
		{8F7D46E4-ACD9-4F5A-84A1-7FB7CA454BE9}.Debug|Any CPU.Build.0 = Debug|Any CPU
		{8F7D46E4-ACD9-4F5A-84A1-7FB7CA454BE9}.Release|Any CPU.ActiveCfg = Release|Any CPU
		{8F7D46E4-ACD9-4F5A-84A1-7FB7CA454BE9}.Release|Any CPU.Build.0 = Release|Any CPU
		{7EDEED80-C546-4F00-A265-1801BDA72C07}.Debug|Any CPU.ActiveCfg = Debug|Any CPU
		{7EDEED80-C546-4F00-A265-1801BDA72C07}.Debug|Any CPU.Build.0 = Debug|Any CPU
		{7EDEED80-C546-4F00-A265-1801BDA72C07}.Release|Any CPU.ActiveCfg = Release|Any CPU
		{7EDEED80-C546-4F00-A265-1801BDA72C07}.Release|Any CPU.Build.0 = Release|Any CPU
		{EAF313D1-2C87-4989-B995-84ED8AC94AAA}.Debug|Any CPU.ActiveCfg = Debug|Any CPU
		{EAF313D1-2C87-4989-B995-84ED8AC94AAA}.Debug|Any CPU.Build.0 = Debug|Any CPU
		{EAF313D1-2C87-4989-B995-84ED8AC94AAA}.Release|Any CPU.ActiveCfg = Release|Any CPU
		{EAF313D1-2C87-4989-B995-84ED8AC94AAA}.Release|Any CPU.Build.0 = Release|Any CPU
		{9C19A7C3-99CB-4E27-97B8-430CA2472DBE}.Debug|Any CPU.ActiveCfg = Debug|Any CPU
		{9C19A7C3-99CB-4E27-97B8-430CA2472DBE}.Debug|Any CPU.Build.0 = Debug|Any CPU
		{9C19A7C3-99CB-4E27-97B8-430CA2472DBE}.Release|Any CPU.ActiveCfg = Release|Any CPU
		{9C19A7C3-99CB-4E27-97B8-430CA2472DBE}.Release|Any CPU.Build.0 = Release|Any CPU
	EndGlobalSection
	GlobalSection(SolutionProperties) = preSolution
		HideSolutionNode = FALSE
	EndGlobalSection
	GlobalSection(ExtensibilityGlobals) = postSolution
		SolutionGuid = {6258BAEC-F57B-44D6-A4C8-4129DBE6746D}
	EndGlobalSection
EndGlobal
